
Microsoft Visual Studio Solution File, Format Version 12.00
# Visual Studio Version 17
VisualStudioVersion = 17.5.002.0
MinimumVisualStudioVersion = 10.0.40219.1
Project("{2150E333-8FDC-42A3-9474-1A3956D46DE8}") = "csharp-prep", "csharp-prep", "{609E4D40-9B56-46B2-A5E4-D13782B89940}"
EndProject
Project("{9A19103F-16F7-4668-BE54-9A1E7A4F7556}") = "Prep1", "csharp-prep\Prep1\Prep1.csproj", "{268DDDAF-4BF4-44D2-A556-41B0CF08FAFE}"
EndProject
Project("{9A19103F-16F7-4668-BE54-9A1E7A4F7556}") = "Prep2", "csharp-prep\Prep2\Prep2.csproj", "{9B0CFA3D-4631-4DE8-BF52-90DA631F9662}"
EndProject
Project("{9A19103F-16F7-4668-BE54-9A1E7A4F7556}") = "Prep3", "csharp-prep\Prep3\Prep3.csproj", "{F3A38AD9-03D4-40EA-9CF7-1FDBB48C2465}"
EndProject
Project("{9A19103F-16F7-4668-BE54-9A1E7A4F7556}") = "Prep4", "csharp-prep\Prep4\Prep4.csproj", "{57674698-F536-4888-8341-03217B043FD8}"
EndProject
Project("{9A19103F-16F7-4668-BE54-9A1E7A4F7556}") = "Prep5", "csharp-prep\Prep5\Prep5.csproj", "{785B0EEC-8A58-429D-BAB0-4EAF208A6AB9}"
EndProject
Project("{2150E333-8FDC-42A3-9474-1A3956D46DE8}") = "final", "final", "{4CD43217-2617-47B9-AB23-95D34C3DF317}"
EndProject
Project("{9A19103F-16F7-4668-BE54-9A1E7A4F7556}") = "FinalProject", "final\FinalProject\FinalProject.csproj", "{1FB39DAA-678D-4D6A-8E8A-7990CF1178E8}"
EndProject
Project("{9A19103F-16F7-4668-BE54-9A1E7A4F7556}") = "Foundation1", "final\Foundation1\Foundation1.csproj", "{B773033B-89C4-4462-94C9-B29BEA1E9C42}"
EndProject
Project("{9A19103F-16F7-4668-BE54-9A1E7A4F7556}") = "Foundation2", "final\Foundation2\Foundation2.csproj", "{AA9A67C5-1D42-40DD-9B51-592F8FB3273B}"
EndProject
Project("{9A19103F-16F7-4668-BE54-9A1E7A4F7556}") = "Foundation3", "final\Foundation3\Foundation3.csproj", "{8A78FA2B-D48F-4AC4-B06E-95EF6B003898}"
EndProject
Project("{9A19103F-16F7-4668-BE54-9A1E7A4F7556}") = "Foundation4", "final\Foundation4\Foundation4.csproj", "{4652877D-27C0-4918-ADA9-E0F55A6957CD}"
EndProject
Project("{2150E333-8FDC-42A3-9474-1A3956D46DE8}") = "prepare", "prepare", "{60B57CF3-B325-4ACA-A108-8FB9A9FA7969}"
EndProject
Project("{9A19103F-16F7-4668-BE54-9A1E7A4F7556}") = "Learning02", "prepare\Learning02\Learning02.csproj", "{E33B02A6-7B15-4FB0-B897-AF4FA15E4795}"
EndProject
Project("{9A19103F-16F7-4668-BE54-9A1E7A4F7556}") = "Learning03", "prepare\Learning03\Learning03.csproj", "{A64DDC03-7F62-4DDC-A9D2-6F2656A820E5}"
EndProject
Project("{9A19103F-16F7-4668-BE54-9A1E7A4F7556}") = "Learning04", "prepare\Learning04\Learning04.csproj", "{3AB32C77-A762-414F-B513-6337584DAA78}"
EndProject
Project("{9A19103F-16F7-4668-BE54-9A1E7A4F7556}") = "Learning05", "prepare\Learning05\Learning05.csproj", "{ED39BF62-9182-4DB3-AD90-3851A44FF660}"
EndProject
Project("{2150E333-8FDC-42A3-9474-1A3956D46DE8}") = "prove", "prove", "{E344A4F5-7762-4D8E-9177-8C2D8E1CA8D9}"
EndProject
Project("{9A19103F-16F7-4668-BE54-9A1E7A4F7556}") = "Develop02", "prove\Develop02\Develop02.csproj", "{27715B3F-5423-4295-A2EB-F74C508354A3}"
EndProject
Project("{9A19103F-16F7-4668-BE54-9A1E7A4F7556}") = "Develop03", "prove\Develop03\Develop03.csproj", "{C8A7FB92-8692-42FF-942F-36E1FCD97420}"
EndProject
Project("{9A19103F-16F7-4668-BE54-9A1E7A4F7556}") = "Develop04", "prove\Develop04\Develop04.csproj", "{29E8947F-BA09-4C1B-92AA-0FEDB7D88F7F}"
EndProject
Project("{9A19103F-16F7-4668-BE54-9A1E7A4F7556}") = "Develop05", "prove\Develop05\Develop05.csproj", "{58D44615-FDFA-4675-83F9-410994B3E593}"
EndProject
Project("{2150E333-8FDC-42A3-9474-1A3956D46DE8}") = "sandbox", "sandbox", "{D6C5C7B0-DC0A-4801-8546-B71095B83B8C}"
EndProject
Project("{9A19103F-16F7-4668-BE54-9A1E7A4F7556}") = "Sandbox", "sandbox\Sandbox\Sandbox.csproj", "{55BE80F4-20F3-4F8F-809A-62E2513C9E82}"
EndProject
Global
	GlobalSection(SolutionConfigurationPlatforms) = preSolution
		Debug|Any CPU = Debug|Any CPU
		Release|Any CPU = Release|Any CPU
	EndGlobalSection
	GlobalSection(ProjectConfigurationPlatforms) = postSolution
		{268DDDAF-4BF4-44D2-A556-41B0CF08FAFE}.Debug|Any CPU.ActiveCfg = Debug|Any CPU
		{268DDDAF-4BF4-44D2-A556-41B0CF08FAFE}.Debug|Any CPU.Build.0 = Debug|Any CPU
		{268DDDAF-4BF4-44D2-A556-41B0CF08FAFE}.Release|Any CPU.ActiveCfg = Release|Any CPU
		{268DDDAF-4BF4-44D2-A556-41B0CF08FAFE}.Release|Any CPU.Build.0 = Release|Any CPU
		{9B0CFA3D-4631-4DE8-BF52-90DA631F9662}.Debug|Any CPU.ActiveCfg = Debug|Any CPU
		{9B0CFA3D-4631-4DE8-BF52-90DA631F9662}.Debug|Any CPU.Build.0 = Debug|Any CPU
		{9B0CFA3D-4631-4DE8-BF52-90DA631F9662}.Release|Any CPU.ActiveCfg = Release|Any CPU
		{9B0CFA3D-4631-4DE8-BF52-90DA631F9662}.Release|Any CPU.Build.0 = Release|Any CPU
		{F3A38AD9-03D4-40EA-9CF7-1FDBB48C2465}.Debug|Any CPU.ActiveCfg = Debug|Any CPU
		{F3A38AD9-03D4-40EA-9CF7-1FDBB48C2465}.Debug|Any CPU.Build.0 = Debug|Any CPU
		{F3A38AD9-03D4-40EA-9CF7-1FDBB48C2465}.Release|Any CPU.ActiveCfg = Release|Any CPU
		{F3A38AD9-03D4-40EA-9CF7-1FDBB48C2465}.Release|Any CPU.Build.0 = Release|Any CPU
		{57674698-F536-4888-8341-03217B043FD8}.Debug|Any CPU.ActiveCfg = Debug|Any CPU
		{57674698-F536-4888-8341-03217B043FD8}.Debug|Any CPU.Build.0 = Debug|Any CPU
		{57674698-F536-4888-8341-03217B043FD8}.Release|Any CPU.ActiveCfg = Release|Any CPU
		{57674698-F536-4888-8341-03217B043FD8}.Release|Any CPU.Build.0 = Release|Any CPU
		{785B0EEC-8A58-429D-BAB0-4EAF208A6AB9}.Debug|Any CPU.ActiveCfg = Debug|Any CPU
		{785B0EEC-8A58-429D-BAB0-4EAF208A6AB9}.Debug|Any CPU.Build.0 = Debug|Any CPU
		{785B0EEC-8A58-429D-BAB0-4EAF208A6AB9}.Release|Any CPU.ActiveCfg = Release|Any CPU
		{785B0EEC-8A58-429D-BAB0-4EAF208A6AB9}.Release|Any CPU.Build.0 = Release|Any CPU
		{1FB39DAA-678D-4D6A-8E8A-7990CF1178E8}.Debug|Any CPU.ActiveCfg = Debug|Any CPU
		{1FB39DAA-678D-4D6A-8E8A-7990CF1178E8}.Debug|Any CPU.Build.0 = Debug|Any CPU
		{1FB39DAA-678D-4D6A-8E8A-7990CF1178E8}.Release|Any CPU.ActiveCfg = Release|Any CPU
		{1FB39DAA-678D-4D6A-8E8A-7990CF1178E8}.Release|Any CPU.Build.0 = Release|Any CPU
		{B773033B-89C4-4462-94C9-B29BEA1E9C42}.Debug|Any CPU.ActiveCfg = Debug|Any CPU
		{B773033B-89C4-4462-94C9-B29BEA1E9C42}.Debug|Any CPU.Build.0 = Debug|Any CPU
		{B773033B-89C4-4462-94C9-B29BEA1E9C42}.Release|Any CPU.ActiveCfg = Release|Any CPU
		{B773033B-89C4-4462-94C9-B29BEA1E9C42}.Release|Any CPU.Build.0 = Release|Any CPU
		{AA9A67C5-1D42-40DD-9B51-592F8FB3273B}.Debug|Any CPU.ActiveCfg = Debug|Any CPU
		{AA9A67C5-1D42-40DD-9B51-592F8FB3273B}.Debug|Any CPU.Build.0 = Debug|Any CPU
		{AA9A67C5-1D42-40DD-9B51-592F8FB3273B}.Release|Any CPU.ActiveCfg = Release|Any CPU
		{AA9A67C5-1D42-40DD-9B51-592F8FB3273B}.Release|Any CPU.Build.0 = Release|Any CPU
		{8A78FA2B-D48F-4AC4-B06E-95EF6B003898}.Debug|Any CPU.ActiveCfg = Debug|Any CPU
		{8A78FA2B-D48F-4AC4-B06E-95EF6B003898}.Debug|Any CPU.Build.0 = Debug|Any CPU
		{8A78FA2B-D48F-4AC4-B06E-95EF6B003898}.Release|Any CPU.ActiveCfg = Release|Any CPU
		{8A78FA2B-D48F-4AC4-B06E-95EF6B003898}.Release|Any CPU.Build.0 = Release|Any CPU
		{4652877D-27C0-4918-ADA9-E0F55A6957CD}.Debug|Any CPU.ActiveCfg = Debug|Any CPU
		{4652877D-27C0-4918-ADA9-E0F55A6957CD}.Debug|Any CPU.Build.0 = Debug|Any CPU
		{4652877D-27C0-4918-ADA9-E0F55A6957CD}.Release|Any CPU.ActiveCfg = Release|Any CPU
		{4652877D-27C0-4918-ADA9-E0F55A6957CD}.Release|Any CPU.Build.0 = Release|Any CPU
		{E33B02A6-7B15-4FB0-B897-AF4FA15E4795}.Debug|Any CPU.ActiveCfg = Debug|Any CPU
		{E33B02A6-7B15-4FB0-B897-AF4FA15E4795}.Debug|Any CPU.Build.0 = Debug|Any CPU
		{E33B02A6-7B15-4FB0-B897-AF4FA15E4795}.Release|Any CPU.ActiveCfg = Release|Any CPU
		{E33B02A6-7B15-4FB0-B897-AF4FA15E4795}.Release|Any CPU.Build.0 = Release|Any CPU
		{A64DDC03-7F62-4DDC-A9D2-6F2656A820E5}.Debug|Any CPU.ActiveCfg = Debug|Any CPU
		{A64DDC03-7F62-4DDC-A9D2-6F2656A820E5}.Debug|Any CPU.Build.0 = Debug|Any CPU
		{A64DDC03-7F62-4DDC-A9D2-6F2656A820E5}.Release|Any CPU.ActiveCfg = Release|Any CPU
		{A64DDC03-7F62-4DDC-A9D2-6F2656A820E5}.Release|Any CPU.Build.0 = Release|Any CPU
		{3AB32C77-A762-414F-B513-6337584DAA78}.Debug|Any CPU.ActiveCfg = Debug|Any CPU
		{3AB32C77-A762-414F-B513-6337584DAA78}.Debug|Any CPU.Build.0 = Debug|Any CPU
		{3AB32C77-A762-414F-B513-6337584DAA78}.Release|Any CPU.ActiveCfg = Release|Any CPU
		{3AB32C77-A762-414F-B513-6337584DAA78}.Release|Any CPU.Build.0 = Release|Any CPU
		{ED39BF62-9182-4DB3-AD90-3851A44FF660}.Debug|Any CPU.ActiveCfg = Debug|Any CPU
		{ED39BF62-9182-4DB3-AD90-3851A44FF660}.Debug|Any CPU.Build.0 = Debug|Any CPU
		{ED39BF62-9182-4DB3-AD90-3851A44FF660}.Release|Any CPU.ActiveCfg = Release|Any CPU
		{ED39BF62-9182-4DB3-AD90-3851A44FF660}.Release|Any CPU.Build.0 = Release|Any CPU
		{27715B3F-5423-4295-A2EB-F74C508354A3}.Debug|Any CPU.ActiveCfg = Debug|Any CPU
		{27715B3F-5423-4295-A2EB-F74C508354A3}.Debug|Any CPU.Build.0 = Debug|Any CPU
		{27715B3F-5423-4295-A2EB-F74C508354A3}.Release|Any CPU.ActiveCfg = Release|Any CPU
		{27715B3F-5423-4295-A2EB-F74C508354A3}.Release|Any CPU.Build.0 = Release|Any CPU
		{C8A7FB92-8692-42FF-942F-36E1FCD97420}.Debug|Any CPU.ActiveCfg = Debug|Any CPU
		{C8A7FB92-8692-42FF-942F-36E1FCD97420}.Debug|Any CPU.Build.0 = Debug|Any CPU
		{C8A7FB92-8692-42FF-942F-36E1FCD97420}.Release|Any CPU.ActiveCfg = Release|Any CPU
		{C8A7FB92-8692-42FF-942F-36E1FCD97420}.Release|Any CPU.Build.0 = Release|Any CPU
		{29E8947F-BA09-4C1B-92AA-0FEDB7D88F7F}.Debug|Any CPU.ActiveCfg = Debug|Any CPU
		{29E8947F-BA09-4C1B-92AA-0FEDB7D88F7F}.Debug|Any CPU.Build.0 = Debug|Any CPU
		{29E8947F-BA09-4C1B-92AA-0FEDB7D88F7F}.Release|Any CPU.ActiveCfg = Release|Any CPU
		{29E8947F-BA09-4C1B-92AA-0FEDB7D88F7F}.Release|Any CPU.Build.0 = Release|Any CPU
		{58D44615-FDFA-4675-83F9-410994B3E593}.Debug|Any CPU.ActiveCfg = Debug|Any CPU
		{58D44615-FDFA-4675-83F9-410994B3E593}.Debug|Any CPU.Build.0 = Debug|Any CPU
		{58D44615-FDFA-4675-83F9-410994B3E593}.Release|Any CPU.ActiveCfg = Release|Any CPU
		{58D44615-FDFA-4675-83F9-410994B3E593}.Release|Any CPU.Build.0 = Release|Any CPU
		{55BE80F4-20F3-4F8F-809A-62E2513C9E82}.Debug|Any CPU.ActiveCfg = Debug|Any CPU
		{55BE80F4-20F3-4F8F-809A-62E2513C9E82}.Debug|Any CPU.Build.0 = Debug|Any CPU
		{55BE80F4-20F3-4F8F-809A-62E2513C9E82}.Release|Any CPU.ActiveCfg = Release|Any CPU
		{55BE80F4-20F3-4F8F-809A-62E2513C9E82}.Release|Any CPU.Build.0 = Release|Any CPU
	EndGlobalSection
	GlobalSection(SolutionProperties) = preSolution
		HideSolutionNode = FALSE
	EndGlobalSection
	GlobalSection(NestedProjects) = preSolution
		{268DDDAF-4BF4-44D2-A556-41B0CF08FAFE} = {609E4D40-9B56-46B2-A5E4-D13782B89940}
		{9B0CFA3D-4631-4DE8-BF52-90DA631F9662} = {609E4D40-9B56-46B2-A5E4-D13782B89940}
		{F3A38AD9-03D4-40EA-9CF7-1FDBB48C2465} = {609E4D40-9B56-46B2-A5E4-D13782B89940}
		{57674698-F536-4888-8341-03217B043FD8} = {609E4D40-9B56-46B2-A5E4-D13782B89940}
		{785B0EEC-8A58-429D-BAB0-4EAF208A6AB9} = {609E4D40-9B56-46B2-A5E4-D13782B89940}
		{1FB39DAA-678D-4D6A-8E8A-7990CF1178E8} = {4CD43217-2617-47B9-AB23-95D34C3DF317}
		{B773033B-89C4-4462-94C9-B29BEA1E9C42} = {4CD43217-2617-47B9-AB23-95D34C3DF317}
		{AA9A67C5-1D42-40DD-9B51-592F8FB3273B} = {4CD43217-2617-47B9-AB23-95D34C3DF317}
		{8A78FA2B-D48F-4AC4-B06E-95EF6B003898} = {4CD43217-2617-47B9-AB23-95D34C3DF317}
		{4652877D-27C0-4918-ADA9-E0F55A6957CD} = {4CD43217-2617-47B9-AB23-95D34C3DF317}
		{E33B02A6-7B15-4FB0-B897-AF4FA15E4795} = {60B57CF3-B325-4ACA-A108-8FB9A9FA7969}
		{A64DDC03-7F62-4DDC-A9D2-6F2656A820E5} = {60B57CF3-B325-4ACA-A108-8FB9A9FA7969}
		{3AB32C77-A762-414F-B513-6337584DAA78} = {60B57CF3-B325-4ACA-A108-8FB9A9FA7969}
		{ED39BF62-9182-4DB3-AD90-3851A44FF660} = {60B57CF3-B325-4ACA-A108-8FB9A9FA7969}
		{27715B3F-5423-4295-A2EB-F74C508354A3} = {E344A4F5-7762-4D8E-9177-8C2D8E1CA8D9}
		{C8A7FB92-8692-42FF-942F-36E1FCD97420} = {E344A4F5-7762-4D8E-9177-8C2D8E1CA8D9}
		{29E8947F-BA09-4C1B-92AA-0FEDB7D88F7F} = {E344A4F5-7762-4D8E-9177-8C2D8E1CA8D9}
		{58D44615-FDFA-4675-83F9-410994B3E593} = {E344A4F5-7762-4D8E-9177-8C2D8E1CA8D9}
		{55BE80F4-20F3-4F8F-809A-62E2513C9E82} = {D6C5C7B0-DC0A-4801-8546-B71095B83B8C}
	EndGlobalSection
	GlobalSection(ExtensibilityGlobals) = postSolution
		SolutionGuid = {6AD5AF89-0CFE-4153-BDA3-2C7761A2D10A}
	EndGlobalSection
EndGlobal
